
Microsoft Visual Studio Solution File, Format Version 12.00
Project("{FAE04EC0-301F-11D3-BF4B-00C04F79EFBC}") = "MindBoxTestTask", "src\MindBoxTestTask\MindBoxTestTask.csproj", "{8C03E405-9BF3-4B8B-BEB7-F5E8B9F59301}"
EndProject
Project("{FAE04EC0-301F-11D3-BF4B-00C04F79EFBC}") = "MindBoxTestTask.Shapes", "src\MindBoxTestTask.Shapes\MindBoxTestTask.Shapes.csproj", "{50299211-0888-41A8-9FE1-A393166527C8}"
EndProject
Global
	GlobalSection(SolutionConfigurationPlatforms) = preSolution
		Debug|Any CPU = Debug|Any CPU
		Release|Any CPU = Release|Any CPU
	EndGlobalSection
	GlobalSection(ProjectConfigurationPlatforms) = postSolution
		{8C03E405-9BF3-4B8B-BEB7-F5E8B9F59301}.Debug|Any CPU.ActiveCfg = Debug|Any CPU
		{8C03E405-9BF3-4B8B-BEB7-F5E8B9F59301}.Debug|Any CPU.Build.0 = Debug|Any CPU
		{8C03E405-9BF3-4B8B-BEB7-F5E8B9F59301}.Release|Any CPU.ActiveCfg = Release|Any CPU
		{8C03E405-9BF3-4B8B-BEB7-F5E8B9F59301}.Release|Any CPU.Build.0 = Release|Any CPU
		{50299211-0888-41A8-9FE1-A393166527C8}.Debug|Any CPU.ActiveCfg = Debug|Any CPU
		{50299211-0888-41A8-9FE1-A393166527C8}.Debug|Any CPU.Build.0 = Debug|Any CPU
		{50299211-0888-41A8-9FE1-A393166527C8}.Release|Any CPU.ActiveCfg = Release|Any CPU
		{50299211-0888-41A8-9FE1-A393166527C8}.Release|Any CPU.Build.0 = Release|Any CPU
	EndGlobalSection
EndGlobal
